
Microsoft Visual Studio Solution File, Format Version 12.00
# Visual Studio for Mac
Project("{FAE04EC0-301F-11D3-BF4B-00C04F79EFBC}") = "Assembly-CSharp", "Assembly-CSharp.csproj", "{B33F8B64-4AAD-29A7-1E74-2010CE3A0500}"
EndProject
Project("{FAE04EC0-301F-11D3-BF4B-00C04F79EFBC}") = "Assembly-CSharp-firstpass", "Assembly-CSharp-firstpass.csproj", "{A45E4D1D-3D2C-43C5-EA85-A27820C11DAF}"
EndProject
Project("{FAE04EC0-301F-11D3-BF4B-00C04F79EFBC}") = "Assembly-CSharp-Editor", "Assembly-CSharp-Editor.csproj", "{985B965D-9AAA-2CC7-C028-DFA8B45755C0}"
EndProject
Global
	GlobalSection(SolutionConfigurationPlatforms) = preSolution
		Debug|Any CPU = Debug|Any CPU
		Release|Any CPU = Release|Any CPU
	EndGlobalSection
	GlobalSection(ProjectConfigurationPlatforms) = postSolution
		{B33F8B64-4AAD-29A7-1E74-2010CE3A0500}.Debug|Any CPU.ActiveCfg = Debug|Any CPU
		{B33F8B64-4AAD-29A7-1E74-2010CE3A0500}.Debug|Any CPU.Build.0 = Debug|Any CPU
		{B33F8B64-4AAD-29A7-1E74-2010CE3A0500}.Release|Any CPU.ActiveCfg = Release|Any CPU
		{B33F8B64-4AAD-29A7-1E74-2010CE3A0500}.Release|Any CPU.Build.0 = Release|Any CPU
		{A45E4D1D-3D2C-43C5-EA85-A27820C11DAF}.Debug|Any CPU.ActiveCfg = Debug|Any CPU
		{A45E4D1D-3D2C-43C5-EA85-A27820C11DAF}.Debug|Any CPU.Build.0 = Debug|Any CPU
		{A45E4D1D-3D2C-43C5-EA85-A27820C11DAF}.Release|Any CPU.ActiveCfg = Release|Any CPU
		{A45E4D1D-3D2C-43C5-EA85-A27820C11DAF}.Release|Any CPU.Build.0 = Release|Any CPU
		{985B965D-9AAA-2CC7-C028-DFA8B45755C0}.Debug|Any CPU.ActiveCfg = Debug|Any CPU
		{985B965D-9AAA-2CC7-C028-DFA8B45755C0}.Debug|Any CPU.Build.0 = Debug|Any CPU
		{985B965D-9AAA-2CC7-C028-DFA8B45755C0}.Release|Any CPU.ActiveCfg = Release|Any CPU
		{985B965D-9AAA-2CC7-C028-DFA8B45755C0}.Release|Any CPU.Build.0 = Release|Any CPU
	EndGlobalSection
	GlobalSection(SolutionProperties) = preSolution
		HideSolutionNode = FALSE
	EndGlobalSection
EndGlobal
